
Microsoft Visual Studio Solution File, Format Version 11.00
# Visual Studio 2010
Project("{FAE04EC0-301F-11D3-BF4B-00C04F79EFBC}") = "Engager", "Engager\Engager.csproj", "{1CF18037-96C7-48AE-B329-56421951405E}"
EndProject
Project("{FAE04EC0-301F-11D3-BF4B-00C04F79EFBC}") = "TestEngager", "TestEngager\TestEngager.csproj", "{55372F83-03CF-4E45-BC27-44F4C9337466}"
EndProject
Global
	GlobalSection(SolutionConfigurationPlatforms) = preSolution
		Debug|Any CPU = Debug|Any CPU
		Debug|Mixed Platforms = Debug|Mixed Platforms
		Debug|x86 = Debug|x86
		Release|Any CPU = Release|Any CPU
		Release|Mixed Platforms = Release|Mixed Platforms
		Release|x86 = Release|x86
	EndGlobalSection
	GlobalSection(ProjectConfigurationPlatforms) = postSolution
		{1CF18037-96C7-48AE-B329-56421951405E}.Debug|Any CPU.ActiveCfg = Debug|Any CPU
		{1CF18037-96C7-48AE-B329-56421951405E}.Debug|Any CPU.Build.0 = Debug|Any CPU
		{1CF18037-96C7-48AE-B329-56421951405E}.Debug|Mixed Platforms.ActiveCfg = Debug|Any CPU
		{1CF18037-96C7-48AE-B329-56421951405E}.Debug|Mixed Platforms.Build.0 = Debug|Any CPU
		{1CF18037-96C7-48AE-B329-56421951405E}.Debug|x86.ActiveCfg = Debug|Any CPU
		{1CF18037-96C7-48AE-B329-56421951405E}.Release|Any CPU.ActiveCfg = Release|Any CPU
		{1CF18037-96C7-48AE-B329-56421951405E}.Release|Any CPU.Build.0 = Release|Any CPU
		{1CF18037-96C7-48AE-B329-56421951405E}.Release|Mixed Platforms.ActiveCfg = Release|Any CPU
		{1CF18037-96C7-48AE-B329-56421951405E}.Release|Mixed Platforms.Build.0 = Release|Any CPU
		{1CF18037-96C7-48AE-B329-56421951405E}.Release|x86.ActiveCfg = Release|Any CPU
		{55372F83-03CF-4E45-BC27-44F4C9337466}.Debug|Any CPU.ActiveCfg = Debug|x86
		{55372F83-03CF-4E45-BC27-44F4C9337466}.Debug|Mixed Platforms.ActiveCfg = Debug|x86
		{55372F83-03CF-4E45-BC27-44F4C9337466}.Debug|Mixed Platforms.Build.0 = Debug|x86
		{55372F83-03CF-4E45-BC27-44F4C9337466}.Debug|x86.ActiveCfg = Debug|x86
		{55372F83-03CF-4E45-BC27-44F4C9337466}.Debug|x86.Build.0 = Debug|x86
		{55372F83-03CF-4E45-BC27-44F4C9337466}.Release|Any CPU.ActiveCfg = Release|x86
		{55372F83-03CF-4E45-BC27-44F4C9337466}.Release|Mixed Platforms.ActiveCfg = Release|x86
		{55372F83-03CF-4E45-BC27-44F4C9337466}.Release|Mixed Platforms.Build.0 = Release|x86
		{55372F83-03CF-4E45-BC27-44F4C9337466}.Release|x86.ActiveCfg = Release|x86
		{55372F83-03CF-4E45-BC27-44F4C9337466}.Release|x86.Build.0 = Release|x86
	EndGlobalSection
	GlobalSection(SolutionProperties) = preSolution
		HideSolutionNode = FALSE
	EndGlobalSection
EndGlobal
